
Microsoft Visual Studio Solution File, Format Version 12.00
# Visual Studio Version 16
VisualStudioVersion = 16.0.30907.101
MinimumVisualStudioVersion = 10.0.40219.1
Project("{FAE04EC0-301F-11D3-BF4B-00C04F79EFBC}") = "RecordSystem", "RecordSystem.csproj", "{E7756D0D-06DB-4A77-89AF-5CE2C7CA7ED6}"
EndProject
Global
	GlobalSection(SolutionConfigurationPlatforms) = preSolution
		Debug|Any CPU = Debug|Any CPU
		Release|Any CPU = Release|Any CPU
	EndGlobalSection
	GlobalSection(ProjectConfigurationPlatforms) = postSolution
		{E7756D0D-06DB-4A77-89AF-5CE2C7CA7ED6}.Debug|Any CPU.ActiveCfg = Debug|Any CPU
		{E7756D0D-06DB-4A77-89AF-5CE2C7CA7ED6}.Debug|Any CPU.Build.0 = Debug|Any CPU
		{E7756D0D-06DB-4A77-89AF-5CE2C7CA7ED6}.Release|Any CPU.ActiveCfg = Release|Any CPU
		{E7756D0D-06DB-4A77-89AF-5CE2C7CA7ED6}.Release|Any CPU.Build.0 = Release|Any CPU
	EndGlobalSection
	GlobalSection(SolutionProperties) = preSolution
		HideSolutionNode = FALSE
	EndGlobalSection
	GlobalSection(ExtensibilityGlobals) = postSolution
		SolutionGuid = {8E54EECA-F075-4D0D-8011-C088D8433C24}
	EndGlobalSection
EndGlobal
